<Solution>
  <Configurations>
    <Platform Name="x64" />
    <Platform Name="x86" />
  </Configurations>
  <Project Path="lab1-time-measurement/lab1-time-measurement.vcxproj" Id="37627a03-ddca-427f-9610-2af7217b1f5f" />
  <Project Path="lab2-matrix-optimization/lab2-matrix-optimization.vcxproj" Id="e61f014e-27d4-4447-a54b-3feab9cbf287" />
  <Project Path="lab3-cpuid/lab3-cpuid.vcxproj" Id="3d4a676b-df77-4bea-a244-6e3e42ce3692" />
  <Project Path="lab4-cache/lab4-cache.vcxproj" Id="c8fff5cc-01a3-4478-81fa-39c9fa032521" />
  <Project Path="lab5-vector-ops/lab5-vector-ops.vcxproj" Id="490f5d54-fbf9-4865-ac86-7c36c1291b90" />
  <Project Path="lab7-sobel/lab7-sobel.vcxproj" Id="74738c80-7a34-4b49-863e-d13ff40a0f82" />
  <Project Path="lab8-cuda/lab8-cuda.vcxproj" Id="046531ff-af33-4f60-9328-9facd75f3b7b" />
  <Project Path="lab8_2-cuda/lab8_2-cuda.vcxproj">
    <Platform Project="x64" />
  </Project>
  <Project Path="lab8_3-cuda/lab8_3-cuda.vcxproj">
    <Platform Project="x64" />
  </Project>
</Solution>
